
Microsoft Visual Studio Solution File, Format Version 12.00
# Visual Studio Version 16
VisualStudioVersion = 16.0.31019.35
MinimumVisualStudioVersion = 10.0.40219.1
Project("{FAE04EC0-301F-11D3-BF4B-00C04F79EFBC}") = "LINQ", "LINQ\LINQ.csproj", "{6035396D-D81D-44B8-811E-3ED5F0387A40}"
EndProject
Global
	GlobalSection(SolutionConfigurationPlatforms) = preSolution
		Debug|Any CPU = Debug|Any CPU
		Release|Any CPU = Release|Any CPU
	EndGlobalSection
	GlobalSection(ProjectConfigurationPlatforms) = postSolution
		{6035396D-D81D-44B8-811E-3ED5F0387A40}.Debug|Any CPU.ActiveCfg = Debug|Any CPU
		{6035396D-D81D-44B8-811E-3ED5F0387A40}.Debug|Any CPU.Build.0 = Debug|Any CPU
		{6035396D-D81D-44B8-811E-3ED5F0387A40}.Release|Any CPU.ActiveCfg = Release|Any CPU
		{6035396D-D81D-44B8-811E-3ED5F0387A40}.Release|Any CPU.Build.0 = Release|Any CPU
	EndGlobalSection
	GlobalSection(SolutionProperties) = preSolution
		HideSolutionNode = FALSE
	EndGlobalSection
	GlobalSection(ExtensibilityGlobals) = postSolution
		SolutionGuid = {3929E8B0-EF58-4D0B-A9A6-25F02BE02FE9}
	EndGlobalSection
EndGlobal
